// !$*UTF8*$!
{
	archiveVersion = 1;
	classes = {
	};
	objectVersion = 46;
	objects = {

/* Begin PBXBuildFile section */
		F9A56CFF1DED20C500F8B390 /* main.m in Sources */ = {isa = PBXBuildFile; fileRef = F9A56CFE1DED20C500F8B390 /* main.m */; };
		F9A56D021DED20C500F8B390 /* AppDelegate.m in Sources */ = {isa = PBXBuildFile; fileRef = F9A56D011DED20C500F8B390 /* AppDelegate.m */; };
		F9A56D051DED20C500F8B390 /* ViewController.m in Sources */ = {isa = PBXBuildFile; fileRef = F9A56D041DED20C500F8B390 /* ViewController.m */; };
		F9A56D081DED20C500F8B390 /* Main.storyboard in Resources */ = {isa = PBXBuildFile; fileRef = F9A56D061DED20C500F8B390 /* Main.storyboard */; };
		F9A56D0A1DED20C500F8B390 /* Assets.xcassets in Resources */ = {isa = PBXBuildFile; fileRef = F9A56D091DED20C500F8B390 /* Assets.xcassets */; };
		F9A56D0D1DED20C500F8B390 /* LaunchScreen.storyboard in Resources */ = {isa = PBXBuildFile; fileRef = F9A56D0B1DED20C500F8B390 /* LaunchScreen.storyboard */; };
		F9A56D171DED210800F8B390 /* BankName.m in Sources */ = {isa = PBXBuildFile; fileRef = F9A56D161DED210800F8B390 /* BankName.m */; };
/* End PBXBuildFile section */

/* Begin PBXFileReference section */
		F9A56CFA1DED20C500F8B390 /* checkBankName.app */ = {isa = PBXFileReference; explicitFileType = wrapper.application; includeInIndex = 0; path = checkBankName.app; sourceTree = BUILT_PRODUCTS_DIR; };
		F9A56CFE1DED20C500F8B390 /* main.m */ = {isa = PBXFileReference; lastKnownFileType = sourcecode.c.objc; path = main.m; sourceTree = "<group>"; };
		F9A56D001DED20C500F8B390 /* AppDelegate.h */ = {isa = PBXFileReference; lastKnownFileType = sourcecode.c.h; path = AppDelegate.h; sourceTree = "<group>"; };
		F9A56D011DED20C500F8B390 /* AppDelegate.m */ = {isa = PBXFileReference; lastKnownFileType = sourcecode.c.objc; path = AppDelegate.m; sourceTree = "<group>"; };
		F9A56D031DED20C500F8B390 /* ViewController.h */ = {isa = PBXFileReference; lastKnownFileType = sourcecode.c.h; path = ViewController.h; sourceTree = "<group>"; };
		F9A56D041DED20C500F8B390 /* ViewController.m */ = {isa = PBXFileReference; lastKnownFileType = sourcecode.c.objc; path = ViewController.m; sourceTree = "<group>"; };
		F9A56D071DED20C500F8B390 /* Base */ = {isa = PBXFileReference; lastKnownFileType = file.storyboard; name = Base; path = Base.lproj/Main.storyboard; sourceTree = "<group>"; };
		F9A56D091DED20C500F8B390 /* Assets.xcassets */ = {isa = PBXFileReference; lastKnownFileType = folder.assetcatalog; path = Assets.xcassets; sourceTree = "<group>"; };
		F9A56D0C1DED20C500F8B390 /* Base */ = {isa = PBXFileReference; lastKnownFileType = file.storyboard; name = Base; path = Base.lproj/LaunchScreen.storyboard; sourceTree = "<group>"; };
		F9A56D0E1DED20C500F8B390 /* Info.plist */ = {isa = PBXFileReference; lastKnownFileType = text.plist.xml; path = Info.plist; sourceTree = "<group>"; };
		F9A56D151DED210800F8B390 /* BankName.h */ = {isa = PBXFileReference; fileEncoding = 4; lastKnownFileType = sourcecode.c.h; path = BankName.h; sourceTree = "<group>"; };
		F9A56D161DED210800F8B390 /* BankName.m */ = {isa = PBXFileReference; fileEncoding = 4; lastKnownFileType = sourcecode.c.objc; path = BankName.m; sourceTree = "<group>"; };
/* End PBXFileReference section */

/* Begin PBXFrameworksBuildPhase section */
		F9A56CF71DED20C500F8B390 /* Frameworks */ = {
			isa = PBXFrameworksBuildPhase;
			buildActionMask = 2147483647;
			files = (
			);
			runOnlyForDeploymentPostprocessing = 0;
		};
/* End PBXFrameworksBuildPhase section */

/* Begin PBXGroup section */
		F9A56CF11DED20C500F8B390 = {
			isa = PBXGroup;
			children = (
				F9A56CFC1DED20C500F8B390 /* checkBankName */,
				F9A56CFB1DED20C500F8B390 /* Products */,
			);
			sourceTree = "<group>";
		};
		F9A56CFB1DED20C500F8B390 /* Products */ = {
			isa = PBXGroup;
			children = (
				F9A56CFA1DED20C500F8B390 /* checkBankName.app */,
			);
			name = Products;
			sourceTree = "<group>";
		};
		F9A56CFC1DED20C500F8B390 /* checkBankName */ = {
			isa = PBXGroup;
			children = (
				F9A56D141DED20EC00F8B390 /* BankName */,
				F9A56D001DED20C500F8B390 /* AppDelegate.h */,
				F9A56D011DED20C500F8B390 /* AppDelegate.m */,
				F9A56D031DED20C500F8B390 /* ViewController.h */,
				F9A56D041DED20C500F8B390 /* ViewController.m */,
				F9A56D061DED20C500F8B390 /* Main.storyboard */,
				F9A56D091DED20C500F8B390 /* Assets.xcassets */,
				F9A56D0B1DED20C500F8B390 /* LaunchScreen.storyboard */,
				F9A56D0E1DED20C500F8B390 /* Info.plist */,
				F9A56CFD1DED20C500F8B390 /* Supporting Files */,
			);
			path = checkBankName;
			sourceTree = "<group>";
		};
		F9A56CFD1DED20C500F8B390 /* Supporting Files */ = {
			isa = PBXGroup;
			children = (
				F9A56CFE1DED20C500F8B390 /* main.m */,
			);
			name = "Supporting Files";
			sourceTree = "<group>";
		};
		F9A56D141DED20EC00F8B390 /* BankName */ = {
			isa = PBXGroup;
			children = (
				F9A56D151DED210800F8B390 /* BankName.h */,
				F9A56D161DED210800F8B390 /* BankName.m */,
			);
			path = BankName;
			sourceTree = "<group>";
		};
/* End PBXGroup section */

/* Begin PBXNativeTarget section */
		F9A56CF91DED20C500F8B390 /* checkBankName */ = {
			isa = PBXNativeTarget;
			buildConfigurationList = F9A56D111DED20C500F8B390 /* Build configuration list for PBXNativeTarget "checkBankName" */;
			buildPhases = (
				F9A56CF61DED20C500F8B390 /* Sources */,
				F9A56CF71DED20C500F8B390 /* Frameworks */,
				F9A56CF81DED20C500F8B390 /* Resources */,
			);
			buildRules = (
			);
			dependencies = (
			);
			name = checkBankName;
			productName = checkBankName;
			productReference = F9A56CFA1DED20C500F8B390 /* checkBankName.app */;
			productType = "com.apple.product-type.application";
		};
/* End PBXNativeTarget section */

/* Begin PBXProject section */
		F9A56CF21DED20C500F8B390 /* Project object */ = {
			isa = PBXProject;
			attributes = {
				LastUpgradeCheck = 0800;
				ORGANIZATIONNAME = love;
				TargetAttributes = {
					F9A56CF91DED20C500F8B390 = {
						CreatedOnToolsVersion = 8.0;
						DevelopmentTeam = XU5S24857E;
						ProvisioningStyle = Automatic;
					};
				};
			};
			buildConfigurationList = F9A56CF51DED20C500F8B390 /* Build configuration list for PBXProject "checkBankName" */;
			compatibilityVersion = "Xcode 3.2";
			developmentRegion = English;
			hasScannedForEncodings = 0;
			knownRegions = (
				en,
				Base,
			);
			mainGroup = F9A56CF11DED20C500F8B390;
			productRefGroup = F9A56CFB1DED20C500F8B390 /* Products */;
			projectDirPath = "";
			projectRoot = "";
			targets = (
				F9A56CF91DED20C500F8B390 /* checkBankName */,
			);
		};
/* End PBXProject section */

/* Begin PBXResourcesBuildPhase section */
		F9A56CF81DED20C500F8B390 /* Resources */ = {
			isa = PBXResourcesBuildPhase;
			buildActionMask = 2147483647;
			files = (
				F9A56D0D1DED20C500F8B390 /* LaunchScreen.storyboard in Resources */,
				F9A56D0A1DED20C500F8B390 /* Assets.xcassets in Resources */,
				F9A56D081DED20C500F8B390 /* Main.storyboard in Resources */,
			);
			runOnlyForDeploymentPostprocessing = 0;
		};
/* End PBXResourcesBuildPhase section */

/* Begin PBXSourcesBuildPhase section */
		F9A56CF61DED20C500F8B390 /* Sources */ = {
			isa = PBXSourcesBuildPhase;
			buildActionMask = 2147483647;
			files = (
				F9A56D051DED20C500F8B390 /* ViewController.m in Sources */,
				F9A56D021DED20C500F8B390 /* AppDelegate.m in Sources */,
				F9A56D171DED210800F8B390 /* BankName.m in Sources */,
				F9A56CFF1DED20C500F8B390 /* main.m in Sources */,
			);
			runOnlyForDeploymentPostprocessing = 0;
		};
/* End PBXSourcesBuildPhase section */

/* Begin PBXVariantGroup section */
		F9A56D061DED20C500F8B390 /* Main.storyboard */ = {
			isa = PBXVariantGroup;
			children = (
				F9A56D071DED20C500F8B390 /* Base */,
			);
			name = Main.storyboard;
			sourceTree = "<group>";
		};
		F9A56D0B1DED20C500F8B390 /* LaunchScreen.storyboard */ = {
			isa = PBXVariantGroup;
			children = (
				F9A56D0C1DED20C500F8B390 /* Base */,
			);
			name = LaunchScreen.storyboard;
			sourceTree = "<group>";
		};
/* End PBXVariantGroup section */

/* Begin XCBuildConfiguration section */
		F9A56D0F1DED20C500F8B390 /* Debug */ = {
			isa = XCBuildConfiguration;
			buildSettings = {
				ALWAYS_SEARCH_USER_PATHS = NO;
				CLANG_ANALYZER_NONNULL = YES;
				CLANG_CXX_LANGUAGE_STANDARD = "gnu++0x";
				CLANG_CXX_LIBRARY = "libc++";
				CLANG_ENABLE_MODULES = YES;
				CLANG_ENABLE_OBJC_ARC = YES;
				CLANG_WARN_BOOL_CONVERSION = YES;
				CLANG_WARN_CONSTANT_CONVERSION = YES;
				CLANG_WARN_DIRECT_OBJC_ISA_USAGE = YES_ERROR;
				CLANG_WARN_DOCUMENTATION_COMMENTS = YES;
				CLANG_WARN_EMPTY_BODY = YES;
				CLANG_WARN_ENUM_CONVERSION = YES;
				CLANG_WARN_INFINITE_RECURSION = YES;
				CLANG_WARN_INT_CONVERSION = YES;
				CLANG_WARN_OBJC_ROOT_CLASS = YES_ERROR;
				CLANG_WARN_SUSPICIOUS_MOVES = YES;
				CLANG_WARN_UNREACHABLE_CODE = YES;
				CLANG_WARN__DUPLICATE_METHOD_MATCH = YES;
				"CODE_SIGN_IDENTITY[sdk=iphoneos*]" = "iPhone Developer";
				COPY_PHASE_STRIP = NO;
				DEBUG_INFORMATION_FORMAT = dwarf;
				ENABLE_STRICT_OBJC_MSGSEND = YES;
				ENABLE_TESTABILITY = YES;
				GCC_C_LANGUAGE_STANDARD = gnu99;
				GCC_DYNAMIC_NO_PIC = NO;
				GCC_NO_COMMON_BLOCKS = YES;
				GCC_OPTIMIZATION_LEVEL = 0;
				GCC_PREPROCESSOR_DEFINITIONS = (
					"DEBUG=1",
					"$(inherited)",
				);
				GCC_WARN_64_TO_32_BIT_CONVERSION = YES;
				GCC_WARN_ABOUT_RETURN_TYPE = YES_ERROR;
				GCC_WARN_UNDECLARED_SELECTOR = YES;
				GCC_WARN_UNINITIALIZED_AUTOS = YES_AGGRESSIVE;
				GCC_WARN_UNUSED_FUNCTION = YES;
				GCC_WARN_UNUSED_VARIABLE = YES;
				IPHONEOS_DEPLOYMENT_TARGET = 10.0;
				MTL_ENABLE_DEBUG_INFO = YES;
				ONLY_ACTIVE_ARCH = YES;
				SDKROOT = iphoneos;
			};
			name = Debug;
		};
		F9A56D101DED20C500F8B390 /* Release */ = {
			isa = XCBuildConfiguration;
			buildSettings = {
				ALWAYS_SEARCH_USER_PATHS = NO;
				CLANG_ANALYZER_NONNULL = YES;
				CLANG_CXX_LANGUAGE_STANDARD = "gnu++0x";
				CLANG_CXX_LIBRARY = "libc++";
				CLANG_ENABLE_MODULES = YES;
				CLANG_ENABLE_OBJC_ARC = YES;
				CLANG_WARN_BOOL_CONVERSION = YES;
				CLANG_WARN_CONSTANT_CONVERSION = YES;
				CLANG_WARN_DIRECT_OBJC_ISA_USAGE = YES_ERROR;
				CLANG_WARN_DOCUMENTATION_COMMENTS = YES;
				CLANG_WARN_EMPTY_BODY = YES;
				CLANG_WARN_ENUM_CONVERSION = YES;
				CLANG_WARN_INFINITE_RECURSION = YES;
				CLANG_WARN_INT_CONVERSION = YES;
				CLANG_WARN_OBJC_ROOT_CLASS = YES_ERROR;
				CLANG_WARN_SUSPICIOUS_MOVES = YES;
				CLANG_WARN_UNREACHABLE_CODE = YES;
				CLANG_WARN__DUPLICATE_METHOD_MATCH = YES;
				"CODE_SIGN_IDENTITY[sdk=iphoneos*]" = "iPhone Developer";
				COPY_PHASE_STRIP = NO;
				DEBUG_INFORMATION_FORMAT = "dwarf-with-dsym";
				ENABLE_NS_ASSERTIONS = NO;
				ENABLE_STRICT_OBJC_MSGSEND = YES;
				GCC_C_LANGUAGE_STANDARD = gnu99;
				GCC_NO_COMMON_BLOCKS = YES;
				GCC_WARN_64_TO_32_BIT_CONVERSION = YES;
				GCC_WARN_ABOUT_RETURN_TYPE = YES_ERROR;
				GCC_WARN_UNDECLARED_SELECTOR = YES;
				GCC_WARN_UNINITIALIZED_AUTOS = YES_AGGRESSIVE;
				GCC_WARN_UNUSED_FUNCTION = YES;
				GCC_WARN_UNUSED_VARIABLE = YES;
				IPHONEOS_DEPLOYMENT_TARGET = 10.0;
				MTL_ENABLE_DEBUG_INFO = NO;
				SDKROOT = iphoneos;
				VALIDATE_PRODUCT = YES;
			};
			name = Release;
		};
		F9A56D121DED20C500F8B390 /* Debug */ = {
			isa = XCBuildConfiguration;
			buildSettings = {
				ASSETCATALOG_COMPILER_APPICON_NAME = AppIcon;
				DEVELOPMENT_TEAM = XU5S24857E;
				INFOPLIST_FILE = checkBankName/Info.plist;
				LD_RUNPATH_SEARCH_PATHS = "$(inherited) @executable_path/Frameworks";
				PRODUCT_BUNDLE_IDENTIFIER = com.guanal.checkBankName;
				PRODUCT_NAME = "$(TARGET_NAME)";
			};
			name = Debug;
		};
		F9A56D131DED20C500F8B390 /* Release */ = {
			isa = XCBuildConfiguration;
			buildSettings = {
				ASSETCATALOG_COMPILER_APPICON_NAME = AppIcon;
				DEVELOPMENT_TEAM = XU5S24857E;
				INFOPLIST_FILE = checkBankName/Info.plist;
				LD_RUNPATH_SEARCH_PATHS = "$(inherited) @executable_path/Frameworks";
				PRODUCT_BUNDLE_IDENTIFIER = com.guanal.checkBankName;
				PRODUCT_NAME = "$(TARGET_NAME)";
			};
			name = Release;
		};
/* End XCBuildConfiguration section */

/* Begin XCConfigurationList section */
		F9A56CF51DED20C500F8B390 /* Build configuration list for PBXProject "checkBankName" */ = {
			isa = XCConfigurationList;
			buildConfigurations = (
				F9A56D0F1DED20C500F8B390 /* Debug */,
				F9A56D101DED20C500F8B390 /* Release */,
			);
			defaultConfigurationIsVisible = 0;
			defaultConfigurationName = Release;
		};
		F9A56D111DED20C500F8B390 /* Build configuration list for PBXNativeTarget "checkBankName" */ = {
			isa = XCConfigurationList;
			buildConfigurations = (
				F9A56D121DED20C500F8B390 /* Debug */,
				F9A56D131DED20C500F8B390 /* Release */,
			);
			defaultConfigurationIsVisible = 0;
		};
/* End XCConfigurationList section */
	};
	rootObject = F9A56CF21DED20C500F8B390 /* Project object */;
}
